
Microsoft Visual Studio Solution File, Format Version 12.00
# Visual Studio Version 16
VisualStudioVersion = 16.0.31321.278
MinimumVisualStudioVersion = 10.0.40219.1
Project("{8BC9CEB8-8B4A-11D0-8D11-00A0C91BC942}") = "usbCopy", "usbCopy\usbCopy.vcxproj", "{75F75621-5542-487E-AC69-E50C22653DC0}"
EndProject
Global
	GlobalSection(SolutionConfigurationPlatforms) = preSolution
		Debug|x64 = Debug|x64
		Debug|x86 = Debug|x86
		Release|x64 = Release|x64
		Release|x86 = Release|x86
	EndGlobalSection
	GlobalSection(ProjectConfigurationPlatforms) = postSolution
		{75F75621-5542-487E-AC69-E50C22653DC0}.Debug|x64.ActiveCfg = Debug|x64
		{75F75621-5542-487E-AC69-E50C22653DC0}.Debug|x64.Build.0 = Debug|x64
		{75F75621-5542-487E-AC69-E50C22653DC0}.Debug|x86.ActiveCfg = Debug|Win32
		{75F75621-5542-487E-AC69-E50C22653DC0}.Debug|x86.Build.0 = Debug|Win32
		{75F75621-5542-487E-AC69-E50C22653DC0}.Release|x64.ActiveCfg = Release|x64
		{75F75621-5542-487E-AC69-E50C22653DC0}.Release|x64.Build.0 = Release|x64
		{75F75621-5542-487E-AC69-E50C22653DC0}.Release|x86.ActiveCfg = Release|Win32
		{75F75621-5542-487E-AC69-E50C22653DC0}.Release|x86.Build.0 = Release|Win32
	EndGlobalSection
	GlobalSection(SolutionProperties) = preSolution
		HideSolutionNode = FALSE
	EndGlobalSection
	GlobalSection(ExtensibilityGlobals) = postSolution
		SolutionGuid = {81B14CF9-6BC5-454B-AE54-0837D4A25A2F}
	EndGlobalSection
EndGlobal
